GEM
  remote: http://rubygems.org/
  specs:
    bson (4.2.2)
    mongo (2.4.3)
      bson (>= 4.2.1, < 5.0.0)
    mustermann (1.0.1)
    rack (2.0.3)
    rack-protection (2.0.0)
      rack
    sinatra (2.0.0)
      mustermann (~> 1.0)
      rack (~> 2.0)
      rack-protection (= 2.0.0)
      tilt (~> 2.0)
    tilt (2.0.8)

PLATFORMS
  ruby
  x64-mingw32

DEPENDENCIES
  mongo
  sinatra

BUNDLED WITH
   1.15.4
